
Microsoft Visual Studio Solution File, Format Version 12.00
# Visual Studio Version 16
VisualStudioVersion = 16.0.30804.86
MinimumVisualStudioVersion = 10.0.40219.1
Project("{FAE04EC0-301F-11D3-BF4B-00C04F79EFBC}") = "ids", "ids\ids.csproj", "{06AD2F2B-84FA-4F9E-9A99-9CCD50FAA255}"
EndProject
Project("{FAE04EC0-301F-11D3-BF4B-00C04F79EFBC}") = "api", "api\api.csproj", "{90317CEF-71F8-4C57-8487-2DEB2D54EB34}"
EndProject
Project("{FAE04EC0-301F-11D3-BF4B-00C04F79EFBC}") = "web", "web\web.csproj", "{6E9D3060-04AB-4797-8125-9713A1CF84B2}"
EndProject
Global
	GlobalSection(SolutionConfigurationPlatforms) = preSolution
		Debug|Any CPU = Debug|Any CPU
		Release|Any CPU = Release|Any CPU
	EndGlobalSection
	GlobalSection(ProjectConfigurationPlatforms) = postSolution
		{06AD2F2B-84FA-4F9E-9A99-9CCD50FAA255}.Debug|Any CPU.ActiveCfg = Debug|Any CPU
		{06AD2F2B-84FA-4F9E-9A99-9CCD50FAA255}.Debug|Any CPU.Build.0 = Debug|Any CPU
		{06AD2F2B-84FA-4F9E-9A99-9CCD50FAA255}.Release|Any CPU.ActiveCfg = Release|Any CPU
		{06AD2F2B-84FA-4F9E-9A99-9CCD50FAA255}.Release|Any CPU.Build.0 = Release|Any CPU
		{90317CEF-71F8-4C57-8487-2DEB2D54EB34}.Debug|Any CPU.ActiveCfg = Debug|Any CPU
		{90317CEF-71F8-4C57-8487-2DEB2D54EB34}.Debug|Any CPU.Build.0 = Debug|Any CPU
		{90317CEF-71F8-4C57-8487-2DEB2D54EB34}.Release|Any CPU.ActiveCfg = Release|Any CPU
		{90317CEF-71F8-4C57-8487-2DEB2D54EB34}.Release|Any CPU.Build.0 = Release|Any CPU
		{6E9D3060-04AB-4797-8125-9713A1CF84B2}.Debug|Any CPU.ActiveCfg = Debug|Any CPU
		{6E9D3060-04AB-4797-8125-9713A1CF84B2}.Debug|Any CPU.Build.0 = Debug|Any CPU
		{6E9D3060-04AB-4797-8125-9713A1CF84B2}.Release|Any CPU.ActiveCfg = Release|Any CPU
		{6E9D3060-04AB-4797-8125-9713A1CF84B2}.Release|Any CPU.Build.0 = Release|Any CPU
	EndGlobalSection
	GlobalSection(SolutionProperties) = preSolution
		HideSolutionNode = FALSE
	EndGlobalSection
	GlobalSection(ExtensibilityGlobals) = postSolution
		SolutionGuid = {876F3A65-642A-483C-97CE-017EFCC1091F}
	EndGlobalSection
EndGlobal
